
Microsoft Visual Studio Solution File, Format Version 12.00
# Visual Studio Version 17
VisualStudioVersion = 17.5.33516.290
MinimumVisualStudioVersion = 10.0.40219.1
Project("{FAE04EC0-301F-11D3-BF4B-00C04F79EFBC}") = "pract6", "pract6\pract6.csproj", "{B004B7BD-66C8-4D86-8D07-9BF77840EB02}"
EndProject
Global
	GlobalSection(SolutionConfigurationPlatforms) = preSolution
		Debug|Any CPU = Debug|Any CPU
		Release|Any CPU = Release|Any CPU
	EndGlobalSection
	GlobalSection(ProjectConfigurationPlatforms) = postSolution
		{B004B7BD-66C8-4D86-8D07-9BF77840EB02}.Debug|Any CPU.ActiveCfg = Debug|Any CPU
		{B004B7BD-66C8-4D86-8D07-9BF77840EB02}.Debug|Any CPU.Build.0 = Debug|Any CPU
		{B004B7BD-66C8-4D86-8D07-9BF77840EB02}.Release|Any CPU.ActiveCfg = Release|Any CPU
		{B004B7BD-66C8-4D86-8D07-9BF77840EB02}.Release|Any CPU.Build.0 = Release|Any CPU
	EndGlobalSection
	GlobalSection(SolutionProperties) = preSolution
		HideSolutionNode = FALSE
	EndGlobalSection
	GlobalSection(ExtensibilityGlobals) = postSolution
		SolutionGuid = {C959B958-BB36-45E9-B119-C837BE893CB0}
	EndGlobalSection
EndGlobal
